
Microsoft Visual Studio Solution File, Format Version 12.00
# Visual Studio 15
VisualStudioVersion = 15.0.28307.1082
MinimumVisualStudioVersion = 10.0.40219.1
Project("{8BC9CEB8-8B4A-11D0-8D11-00A0C91BC942}") = "HammingCode", "HammingCode\HammingCode.vcxproj", "{1EAF6AE1-8666-44FB-B7AD-971574695547}"
EndProject
Global
	GlobalSection(SolutionConfigurationPlatforms) = preSolution
		Debug|x64 = Debug|x64
		Debug|x86 = Debug|x86
		Release|x64 = Release|x64
		Release|x86 = Release|x86
	EndGlobalSection
	GlobalSection(ProjectConfigurationPlatforms) = postSolution
		{1EAF6AE1-8666-44FB-B7AD-971574695547}.Debug|x64.ActiveCfg = Debug|x64
		{1EAF6AE1-8666-44FB-B7AD-971574695547}.Debug|x64.Build.0 = Debug|x64
		{1EAF6AE1-8666-44FB-B7AD-971574695547}.Debug|x86.ActiveCfg = Debug|Win32
		{1EAF6AE1-8666-44FB-B7AD-971574695547}.Debug|x86.Build.0 = Debug|Win32
		{1EAF6AE1-8666-44FB-B7AD-971574695547}.Release|x64.ActiveCfg = Release|x64
		{1EAF6AE1-8666-44FB-B7AD-971574695547}.Release|x64.Build.0 = Release|x64
		{1EAF6AE1-8666-44FB-B7AD-971574695547}.Release|x86.ActiveCfg = Release|Win32
		{1EAF6AE1-8666-44FB-B7AD-971574695547}.Release|x86.Build.0 = Release|Win32
	EndGlobalSection
	GlobalSection(SolutionProperties) = preSolution
		HideSolutionNode = FALSE
	EndGlobalSection
	GlobalSection(ExtensibilityGlobals) = postSolution
		SolutionGuid = {86D99E8C-8232-49DD-91D4-FB5EF310E3E0}
	EndGlobalSection
EndGlobal
