
Microsoft Visual Studio Solution File, Format Version 12.00
# Visual Studio Version 16
VisualStudioVersion = 16.0.30320.27
MinimumVisualStudioVersion = 10.0.40219.1
Project("{FAE04EC0-301F-11D3-BF4B-00C04F79EFBC}") = "ServerCore", "ServerCore\ServerCore.csproj", "{8B3211A0-1329-4735-A52C-CBE6D5D0B5A7}"
EndProject
Project("{FAE04EC0-301F-11D3-BF4B-00C04F79EFBC}") = "Server", "Server\Server.csproj", "{1566BBF1-2F11-4C79-BD0E-583CAB4810D2}"
EndProject
Project("{FAE04EC0-301F-11D3-BF4B-00C04F79EFBC}") = "DummyClient", "DummyClient\DummyClient.csproj", "{68ABCA15-33FA-4D16-9895-D632AB42476B}"
EndProject
Global
	GlobalSection(SolutionConfigurationPlatforms) = preSolution
		Debug|Any CPU = Debug|Any CPU
		Release|Any CPU = Release|Any CPU
	EndGlobalSection
	GlobalSection(ProjectConfigurationPlatforms) = postSolution
		{8B3211A0-1329-4735-A52C-CBE6D5D0B5A7}.Debug|Any CPU.ActiveCfg = Debug|Any CPU
		{8B3211A0-1329-4735-A52C-CBE6D5D0B5A7}.Debug|Any CPU.Build.0 = Debug|Any CPU
		{8B3211A0-1329-4735-A52C-CBE6D5D0B5A7}.Release|Any CPU.ActiveCfg = Release|Any CPU
		{8B3211A0-1329-4735-A52C-CBE6D5D0B5A7}.Release|Any CPU.Build.0 = Release|Any CPU
		{1566BBF1-2F11-4C79-BD0E-583CAB4810D2}.Debug|Any CPU.ActiveCfg = Debug|Any CPU
		{1566BBF1-2F11-4C79-BD0E-583CAB4810D2}.Debug|Any CPU.Build.0 = Debug|Any CPU
		{1566BBF1-2F11-4C79-BD0E-583CAB4810D2}.Release|Any CPU.ActiveCfg = Release|Any CPU
		{1566BBF1-2F11-4C79-BD0E-583CAB4810D2}.Release|Any CPU.Build.0 = Release|Any CPU
		{68ABCA15-33FA-4D16-9895-D632AB42476B}.Debug|Any CPU.ActiveCfg = Debug|Any CPU
		{68ABCA15-33FA-4D16-9895-D632AB42476B}.Debug|Any CPU.Build.0 = Debug|Any CPU
		{68ABCA15-33FA-4D16-9895-D632AB42476B}.Release|Any CPU.ActiveCfg = Release|Any CPU
		{68ABCA15-33FA-4D16-9895-D632AB42476B}.Release|Any CPU.Build.0 = Release|Any CPU
	EndGlobalSection
	GlobalSection(SolutionProperties) = preSolution
		HideSolutionNode = FALSE
	EndGlobalSection
	GlobalSection(ExtensibilityGlobals) = postSolution
		SolutionGuid = {54476E59-F28A-4C5F-90FD-0C225589851C}
	EndGlobalSection
EndGlobal
